<?xml version="1.0" encoding="UTF-8" standalone="yes" ?>
<CodeBlocks_project_file>
	<FileVersion major="1" minor="6" />
	<Project>
		<Option title="h2oh" />
		<Option pch_mode="2" />
		<Option compiler="gcc" />
		<Build>
			<Target title="default">
				<Option output="h2oh" prefix_auto="1" extension_auto="1" />
				<Option type="0" />
				<Option compiler="gcc" />
				<Linker>
					<Add option="-static-libstdc++" />
					<Add option="-static-libgcc" />
					<Add library="mingw32" />
					<Add library="SDLmain" />
					<Add library="SDL" />
					<Add library="opengl32" />
					<Add library="SDL_mixer" />
					<Add library="SDL_image" />
					<Add library="libphysfs" />
					<Add directory="\usr\lib" />
					<Add directory="\host\Program Files (x86)\CodeBlocks\MinGW\lib" />
				</Linker>
			</Target>
			<Target title="Linux">
				<Option output="h2oh" prefix_auto="1" extension_auto="1" />
				<Option type="0" />
				<Option compiler="gcc" />
				<Linker>
					<Add option="-static-libstdc++" />
					<Add option="-static-libgcc" />
					<Add library="mingw32" />
					<Add library="SDLmain" />
					<Add library="SDL" />
					<Add library="opengl32" />
					<Add library="SDL_mixer" />
					<Add library="SDL_image" />
					<Add library="libphysfs" />
					<Add library="\usr\lib\libGL.so" />
				</Linker>
			</Target>
		</Build>
		<Linker>
			<Add option="-static-libstdc++" />
			<Add option="-static-libgcc" />
			<Add library="mingw32" />
			<Add library="SDLmain" />
			<Add library="SDL" />
			<Add library="opengl32" />
			<Add library="SDL_mixer" />
			<Add library="SDL_image" />
			<Add library="libphysfs" />
		</Linker>
		<Unit filename="src\config.cpp" />
		<Unit filename="src\config.hpp" />
		<Unit filename="src\game.cpp" />
		<Unit filename="src\game.hpp" />
		<Unit filename="src\graphics.cpp" />
		<Unit filename="src\graphics.hpp" />
		<Unit filename="src\h2oh.rc">
			<Option compilerVar="WINDRES" />
		</Unit>
		<Unit filename="src\main.cpp" />
		<Unit filename="src\main.hpp" />
		<Unit filename="src\menu.cpp" />
		<Unit filename="src\menu.hpp" />
		<Unit filename="src\misc.cpp" />
		<Unit filename="src\misc.hpp" />
		<Unit filename="src\music.cpp" />
		<Unit filename="src\music.hpp" />
		<Unit filename="src\network.cpp" />
		<Unit filename="src\network.hpp" />
		<Unit filename="src\particles.cpp" />
		<Unit filename="src\particles.hpp" />
		<Unit filename="src\physics.cpp" />
		<Unit filename="src\physics.hpp" />
		<Unit filename="src\savegame.cpp" />
		<Unit filename="src\savegame.hpp" />
		<Unit filename="src\sound.cpp" />
		<Unit filename="src\sound.hpp" />
		<Unit filename="src\textures.cpp" />
		<Unit filename="src\textures.hpp" />
		<Extensions>
			<AutoVersioning>
				<Scheme minor_max="10" build_max="0" rev_max="0" rev_rand_max="10" build_times_to_increment_minor="100" />
				<Settings autoincrement="1" date_declarations="1" update_manifest="1" do_auto_increment="0" ask_to_increment="0" language="C++" svn="0" svn_directory="" header_path="version.h" />
				<Changes_Log show_changes_editor="0" app_title="released version %M.%m.%b of %p" changeslog_path="ChangesLog.txt" />
				<Code header_guard="VERSION_H" namespace="AutoVersion" prefix="" />
			</AutoVersioning>
			<code_completion />
			<envvars />
			<debugger />
			<lib_finder disable_auto="1" />
			<DoxyBlocks>
				<comment_style block="0" line="0" />
				<doxyfile_project />
				<doxyfile_build />
				<doxyfile_warnings />
				<doxyfile_output />
				<doxyfile_dot />
				<general />
			</DoxyBlocks>
		</Extensions>
	</Project>
</CodeBlocks_project_file>
